
Microsoft Visual Studio Solution File, Format Version 12.00
# Visual Studio 2013
VisualStudioVersion = 12.0.31101.0
MinimumVisualStudioVersion = 10.0.40219.1
Project("{FAE04EC0-301F-11D3-BF4B-00C04F79EFBC}") = "bo.JobPortal", "bo.JobPortal\bo.JobPortal.csproj", "{CC63BA88-00AE-4194-8DB4-0A3F2F6AA0DA}"
EndProject
Project("{FAE04EC0-301F-11D3-BF4B-00C04F79EFBC}") = "TestJobPortal", "TestJobPortal\TestJobPortal.csproj", "{F8ED69B1-DEE2-4F12-B45B-24325F3BF966}"
EndProject
Project("{FAE04EC0-301F-11D3-BF4B-00C04F79EFBC}") = "TestsForTDD", "TestsForTDD\TestsForTDD.csproj", "{7E285EB6-4FD4-4B26-8138-880B028895C8}"
EndProject
Project("{FAE04EC0-301F-11D3-BF4B-00C04F79EFBC}") = "RPNCalculator", "..\RPNCalculator\RPNCalculator\RPNCalculator.csproj", "{5724D876-5517-4393-9976-6A990B8773A1}"
EndProject
Project("{FAE04EC0-301F-11D3-BF4B-00C04F79EFBC}") = "JobPortal.Win", "JobPortal.Win\JobPortal.Win.csproj", "{C2EFEF5D-D981-4BAB-91E0-244E6577548C}"
EndProject
Project("{FAE04EC0-301F-11D3-BF4B-00C04F79EFBC}") = "JobPortal.Win.Tests", "JobPortal.Win.Tests\JobPortal.Win.Tests.csproj", "{4668E354-F230-4B43-A124-95ED13004EF6}"
EndProject
Global
	GlobalSection(SolutionConfigurationPlatforms) = preSolution
		Debug|Any CPU = Debug|Any CPU
		Release|Any CPU = Release|Any CPU
	EndGlobalSection
	GlobalSection(ProjectConfigurationPlatforms) = postSolution
		{CC63BA88-00AE-4194-8DB4-0A3F2F6AA0DA}.Debug|Any CPU.ActiveCfg = Debug|Any CPU
		{CC63BA88-00AE-4194-8DB4-0A3F2F6AA0DA}.Debug|Any CPU.Build.0 = Debug|Any CPU
		{CC63BA88-00AE-4194-8DB4-0A3F2F6AA0DA}.Release|Any CPU.ActiveCfg = Release|Any CPU
		{CC63BA88-00AE-4194-8DB4-0A3F2F6AA0DA}.Release|Any CPU.Build.0 = Release|Any CPU
		{F8ED69B1-DEE2-4F12-B45B-24325F3BF966}.Debug|Any CPU.ActiveCfg = Debug|Any CPU
		{F8ED69B1-DEE2-4F12-B45B-24325F3BF966}.Debug|Any CPU.Build.0 = Debug|Any CPU
		{F8ED69B1-DEE2-4F12-B45B-24325F3BF966}.Release|Any CPU.ActiveCfg = Release|Any CPU
		{F8ED69B1-DEE2-4F12-B45B-24325F3BF966}.Release|Any CPU.Build.0 = Release|Any CPU
		{7E285EB6-4FD4-4B26-8138-880B028895C8}.Debug|Any CPU.ActiveCfg = Debug|Any CPU
		{7E285EB6-4FD4-4B26-8138-880B028895C8}.Debug|Any CPU.Build.0 = Debug|Any CPU
		{7E285EB6-4FD4-4B26-8138-880B028895C8}.Release|Any CPU.ActiveCfg = Release|Any CPU
		{7E285EB6-4FD4-4B26-8138-880B028895C8}.Release|Any CPU.Build.0 = Release|Any CPU
		{5724D876-5517-4393-9976-6A990B8773A1}.Debug|Any CPU.ActiveCfg = Debug|Any CPU
		{5724D876-5517-4393-9976-6A990B8773A1}.Debug|Any CPU.Build.0 = Debug|Any CPU
		{5724D876-5517-4393-9976-6A990B8773A1}.Release|Any CPU.ActiveCfg = Release|Any CPU
		{5724D876-5517-4393-9976-6A990B8773A1}.Release|Any CPU.Build.0 = Release|Any CPU
		{C2EFEF5D-D981-4BAB-91E0-244E6577548C}.Debug|Any CPU.ActiveCfg = Debug|Any CPU
		{C2EFEF5D-D981-4BAB-91E0-244E6577548C}.Debug|Any CPU.Build.0 = Debug|Any CPU
		{C2EFEF5D-D981-4BAB-91E0-244E6577548C}.Release|Any CPU.ActiveCfg = Release|Any CPU
		{C2EFEF5D-D981-4BAB-91E0-244E6577548C}.Release|Any CPU.Build.0 = Release|Any CPU
		{4668E354-F230-4B43-A124-95ED13004EF6}.Debug|Any CPU.ActiveCfg = Debug|Any CPU
		{4668E354-F230-4B43-A124-95ED13004EF6}.Debug|Any CPU.Build.0 = Debug|Any CPU
		{4668E354-F230-4B43-A124-95ED13004EF6}.Release|Any CPU.ActiveCfg = Release|Any CPU
		{4668E354-F230-4B43-A124-95ED13004EF6}.Release|Any CPU.Build.0 = Release|Any CPU
	EndGlobalSection
	GlobalSection(SolutionProperties) = preSolution
		HideSolutionNode = FALSE
	EndGlobalSection
EndGlobal
